
Microsoft Visual Studio Solution File, Format Version 12.00
# Visual Studio 15
VisualStudioVersion = 15.0.26124.0
MinimumVisualStudioVersion = 15.0.26124.0
Project("{FAE04EC0-301F-11D3-BF4B-00C04F79EFBC}") = "BL", "BL\BL.csproj", "{01C6EE71-73FA-4264-8886-887A97A5F8DE}"
EndProject
Project("{FAE04EC0-301F-11D3-BF4B-00C04F79EFBC}") = "DAL", "DAL\DAL.csproj", "{0089F6C1-B47F-42DB-9289-EF8B83DFCF28}"
EndProject
Project("{FAE04EC0-301F-11D3-BF4B-00C04F79EFBC}") = "Persistence", "Persistence\Persistence.csproj", "{E4936D28-BCF2-4F16-A3F9-FAEE0A617F1E}"
EndProject
Project("{FAE04EC0-301F-11D3-BF4B-00C04F79EFBC}") = "Console", "Console\Console.csproj", "{392208A2-3FAA-4EAB-BC50-2105468806D0}"
EndProject
Global
	GlobalSection(SolutionConfigurationPlatforms) = preSolution
		Debug|Any CPU = Debug|Any CPU
		Debug|x64 = Debug|x64
		Debug|x86 = Debug|x86
		Release|Any CPU = Release|Any CPU
		Release|x64 = Release|x64
		Release|x86 = Release|x86
	EndGlobalSection
	GlobalSection(SolutionProperties) = preSolution
		HideSolutionNode = FALSE
	EndGlobalSection
	GlobalSection(ProjectConfigurationPlatforms) = postSolution
		{01C6EE71-73FA-4264-8886-887A97A5F8DE}.Debug|Any CPU.ActiveCfg = Debug|Any CPU
		{01C6EE71-73FA-4264-8886-887A97A5F8DE}.Debug|Any CPU.Build.0 = Debug|Any CPU
		{01C6EE71-73FA-4264-8886-887A97A5F8DE}.Debug|x64.ActiveCfg = Debug|x64
		{01C6EE71-73FA-4264-8886-887A97A5F8DE}.Debug|x64.Build.0 = Debug|x64
		{01C6EE71-73FA-4264-8886-887A97A5F8DE}.Debug|x86.ActiveCfg = Debug|x86
		{01C6EE71-73FA-4264-8886-887A97A5F8DE}.Debug|x86.Build.0 = Debug|x86
		{01C6EE71-73FA-4264-8886-887A97A5F8DE}.Release|Any CPU.ActiveCfg = Release|Any CPU
		{01C6EE71-73FA-4264-8886-887A97A5F8DE}.Release|Any CPU.Build.0 = Release|Any CPU
		{01C6EE71-73FA-4264-8886-887A97A5F8DE}.Release|x64.ActiveCfg = Release|x64
		{01C6EE71-73FA-4264-8886-887A97A5F8DE}.Release|x64.Build.0 = Release|x64
		{01C6EE71-73FA-4264-8886-887A97A5F8DE}.Release|x86.ActiveCfg = Release|x86
		{01C6EE71-73FA-4264-8886-887A97A5F8DE}.Release|x86.Build.0 = Release|x86
		{0089F6C1-B47F-42DB-9289-EF8B83DFCF28}.Debug|Any CPU.ActiveCfg = Debug|Any CPU
		{0089F6C1-B47F-42DB-9289-EF8B83DFCF28}.Debug|Any CPU.Build.0 = Debug|Any CPU
		{0089F6C1-B47F-42DB-9289-EF8B83DFCF28}.Debug|x64.ActiveCfg = Debug|x64
		{0089F6C1-B47F-42DB-9289-EF8B83DFCF28}.Debug|x64.Build.0 = Debug|x64
		{0089F6C1-B47F-42DB-9289-EF8B83DFCF28}.Debug|x86.ActiveCfg = Debug|x86
		{0089F6C1-B47F-42DB-9289-EF8B83DFCF28}.Debug|x86.Build.0 = Debug|x86
		{0089F6C1-B47F-42DB-9289-EF8B83DFCF28}.Release|Any CPU.ActiveCfg = Release|Any CPU
		{0089F6C1-B47F-42DB-9289-EF8B83DFCF28}.Release|Any CPU.Build.0 = Release|Any CPU
		{0089F6C1-B47F-42DB-9289-EF8B83DFCF28}.Release|x64.ActiveCfg = Release|x64
		{0089F6C1-B47F-42DB-9289-EF8B83DFCF28}.Release|x64.Build.0 = Release|x64
		{0089F6C1-B47F-42DB-9289-EF8B83DFCF28}.Release|x86.ActiveCfg = Release|x86
		{0089F6C1-B47F-42DB-9289-EF8B83DFCF28}.Release|x86.Build.0 = Release|x86
		{E4936D28-BCF2-4F16-A3F9-FAEE0A617F1E}.Debug|Any CPU.ActiveCfg = Debug|Any CPU
		{E4936D28-BCF2-4F16-A3F9-FAEE0A617F1E}.Debug|Any CPU.Build.0 = Debug|Any CPU
		{E4936D28-BCF2-4F16-A3F9-FAEE0A617F1E}.Debug|x64.ActiveCfg = Debug|x64
		{E4936D28-BCF2-4F16-A3F9-FAEE0A617F1E}.Debug|x64.Build.0 = Debug|x64
		{E4936D28-BCF2-4F16-A3F9-FAEE0A617F1E}.Debug|x86.ActiveCfg = Debug|x86
		{E4936D28-BCF2-4F16-A3F9-FAEE0A617F1E}.Debug|x86.Build.0 = Debug|x86
		{E4936D28-BCF2-4F16-A3F9-FAEE0A617F1E}.Release|Any CPU.ActiveCfg = Release|Any CPU
		{E4936D28-BCF2-4F16-A3F9-FAEE0A617F1E}.Release|Any CPU.Build.0 = Release|Any CPU
		{E4936D28-BCF2-4F16-A3F9-FAEE0A617F1E}.Release|x64.ActiveCfg = Release|x64
		{E4936D28-BCF2-4F16-A3F9-FAEE0A617F1E}.Release|x64.Build.0 = Release|x64
		{E4936D28-BCF2-4F16-A3F9-FAEE0A617F1E}.Release|x86.ActiveCfg = Release|x86
		{E4936D28-BCF2-4F16-A3F9-FAEE0A617F1E}.Release|x86.Build.0 = Release|x86
		{392208A2-3FAA-4EAB-BC50-2105468806D0}.Debug|Any CPU.ActiveCfg = Debug|Any CPU
		{392208A2-3FAA-4EAB-BC50-2105468806D0}.Debug|Any CPU.Build.0 = Debug|Any CPU
		{392208A2-3FAA-4EAB-BC50-2105468806D0}.Debug|x64.ActiveCfg = Debug|x64
		{392208A2-3FAA-4EAB-BC50-2105468806D0}.Debug|x64.Build.0 = Debug|x64
		{392208A2-3FAA-4EAB-BC50-2105468806D0}.Debug|x86.ActiveCfg = Debug|x86
		{392208A2-3FAA-4EAB-BC50-2105468806D0}.Debug|x86.Build.0 = Debug|x86
		{392208A2-3FAA-4EAB-BC50-2105468806D0}.Release|Any CPU.ActiveCfg = Release|Any CPU
		{392208A2-3FAA-4EAB-BC50-2105468806D0}.Release|Any CPU.Build.0 = Release|Any CPU
		{392208A2-3FAA-4EAB-BC50-2105468806D0}.Release|x64.ActiveCfg = Release|x64
		{392208A2-3FAA-4EAB-BC50-2105468806D0}.Release|x64.Build.0 = Release|x64
		{392208A2-3FAA-4EAB-BC50-2105468806D0}.Release|x86.ActiveCfg = Release|x86
		{392208A2-3FAA-4EAB-BC50-2105468806D0}.Release|x86.Build.0 = Release|x86
	EndGlobalSection
EndGlobal
